
Microsoft Visual Studio Solution File, Format Version 12.00
# Visual Studio Version 17
VisualStudioVersion = 17.5.002.0
MinimumVisualStudioVersion = 10.0.40219.1
Project("{9A19103F-16F7-4668-BE54-9A1E7A4F7556}") = "TareaInfoAplicada", "TareaInfoAplicada.csproj", "{FD7930D1-AC0E-483D-B7BA-89ABDDB84247}"
EndProject
Global
	GlobalSection(SolutionConfigurationPlatforms) = preSolution
		Debug|Any CPU = Debug|Any CPU
		Release|Any CPU = Release|Any CPU
	EndGlobalSection
	GlobalSection(ProjectConfigurationPlatforms) = postSolution
		{FD7930D1-AC0E-483D-B7BA-89ABDDB84247}.Debug|Any CPU.ActiveCfg = Debug|Any CPU
		{FD7930D1-AC0E-483D-B7BA-89ABDDB84247}.Debug|Any CPU.Build.0 = Debug|Any CPU
		{FD7930D1-AC0E-483D-B7BA-89ABDDB84247}.Release|Any CPU.ActiveCfg = Release|Any CPU
		{FD7930D1-AC0E-483D-B7BA-89ABDDB84247}.Release|Any CPU.Build.0 = Release|Any CPU
	EndGlobalSection
	GlobalSection(SolutionProperties) = preSolution
		HideSolutionNode = FALSE
	EndGlobalSection
	GlobalSection(ExtensibilityGlobals) = postSolution
		SolutionGuid = {D19A0087-F844-4DE9-843C-BB8EF3D30352}
	EndGlobalSection
EndGlobal
